
Microsoft Visual Studio Solution File, Format Version 12.00
# Visual Studio 14
VisualStudioVersion = 14.0.23107.0
MinimumVisualStudioVersion = 10.0.40219.1
Project("{FAE04EC0-301F-11D3-BF4B-00C04F79EFBC}") = "Ex03.GarageLogic", "Ex03.GarageLogic\Ex03.GarageLogic.csproj", "{39AE96AB-E36D-42FE-9F5B-53D04145212E}"
EndProject
Project("{FAE04EC0-301F-11D3-BF4B-00C04F79EFBC}") = "Ex03.ConsoleUI", "Ex03.ConsoleUI\Ex03.ConsoleUI.csproj", "{68623EB1-8BA0-4836-B599-922EAC6A6011}"
EndProject
Global
	GlobalSection(SolutionConfigurationPlatforms) = preSolution
		Debug|Any CPU = Debug|Any CPU
		Release|Any CPU = Release|Any CPU
	EndGlobalSection
	GlobalSection(ProjectConfigurationPlatforms) = postSolution
		{39AE96AB-E36D-42FE-9F5B-53D04145212E}.Debug|Any CPU.ActiveCfg = Debug|Any CPU
		{39AE96AB-E36D-42FE-9F5B-53D04145212E}.Debug|Any CPU.Build.0 = Debug|Any CPU
		{39AE96AB-E36D-42FE-9F5B-53D04145212E}.Release|Any CPU.ActiveCfg = Release|Any CPU
		{39AE96AB-E36D-42FE-9F5B-53D04145212E}.Release|Any CPU.Build.0 = Release|Any CPU
		{68623EB1-8BA0-4836-B599-922EAC6A6011}.Debug|Any CPU.ActiveCfg = Debug|Any CPU
		{68623EB1-8BA0-4836-B599-922EAC6A6011}.Debug|Any CPU.Build.0 = Debug|Any CPU
		{68623EB1-8BA0-4836-B599-922EAC6A6011}.Release|Any CPU.ActiveCfg = Release|Any CPU
		{68623EB1-8BA0-4836-B599-922EAC6A6011}.Release|Any CPU.Build.0 = Release|Any CPU
	EndGlobalSection
	GlobalSection(SolutionProperties) = preSolution
		HideSolutionNode = FALSE
	EndGlobalSection
EndGlobal
